
Microsoft Visual Studio Solution File, Format Version 12.00
# Visual Studio Version 17
VisualStudioVersion = 17.7.34221.43
MinimumVisualStudioVersion = 10.0.40219.1
Project("{FAE04EC0-301F-11D3-BF4B-00C04F79EFBC}") = "FunctionsTest", "FunctionsTest\FunctionsTest.csproj", "{06F827BF-8840-4A99-83F4-60EAA7B2971D}"
EndProject
Global
	GlobalSection(SolutionConfigurationPlatforms) = preSolution
		Debug|Any CPU = Debug|Any CPU
		Release|Any CPU = Release|Any CPU
	EndGlobalSection
	GlobalSection(ProjectConfigurationPlatforms) = postSolution
		{06F827BF-8840-4A99-83F4-60EAA7B2971D}.Debug|Any CPU.ActiveCfg = Debug|Any CPU
		{06F827BF-8840-4A99-83F4-60EAA7B2971D}.Debug|Any CPU.Build.0 = Debug|Any CPU
		{06F827BF-8840-4A99-83F4-60EAA7B2971D}.Release|Any CPU.ActiveCfg = Release|Any CPU
		{06F827BF-8840-4A99-83F4-60EAA7B2971D}.Release|Any CPU.Build.0 = Release|Any CPU
	EndGlobalSection
	GlobalSection(SolutionProperties) = preSolution
		HideSolutionNode = FALSE
	EndGlobalSection
	GlobalSection(ExtensibilityGlobals) = postSolution
		SolutionGuid = {79C0D371-E98D-448A-87BD-F1874D012F8E}
	EndGlobalSection
EndGlobal
